
Microsoft Visual Studio Solution File, Format Version 12.00
# Visual Studio Version 16
VisualStudioVersion = 16.0.28729.10
MinimumVisualStudioVersion = 10.0.40219.1
Project("{FAE04EC0-301F-11D3-BF4B-00C04F79EFBC}") = "CrashReporter", "CrashReporter\CrashReporter.csproj", "{459BE8D5-F374-4E5F-9A71-DE6B73A720F2}"
EndProject
Project("{FAE04EC0-301F-11D3-BF4B-00C04F79EFBC}") = "CrashTest", "CrashTest\CrashTest.csproj", "{02379E1C-4B02-4C68-9992-71DB2DC30D20}"
EndProject
Global
	GlobalSection(SolutionConfigurationPlatforms) = preSolution
		Debug|Any CPU = Debug|Any CPU
		Release|Any CPU = Release|Any CPU
	EndGlobalSection
	GlobalSection(ProjectConfigurationPlatforms) = postSolution
		{459BE8D5-F374-4E5F-9A71-DE6B73A720F2}.Debug|Any CPU.ActiveCfg = Debug|Any CPU
		{459BE8D5-F374-4E5F-9A71-DE6B73A720F2}.Debug|Any CPU.Build.0 = Debug|Any CPU
		{459BE8D5-F374-4E5F-9A71-DE6B73A720F2}.Release|Any CPU.ActiveCfg = Release|Any CPU
		{459BE8D5-F374-4E5F-9A71-DE6B73A720F2}.Release|Any CPU.Build.0 = Release|Any CPU
		{02379E1C-4B02-4C68-9992-71DB2DC30D20}.Debug|Any CPU.ActiveCfg = Debug|Any CPU
		{02379E1C-4B02-4C68-9992-71DB2DC30D20}.Debug|Any CPU.Build.0 = Debug|Any CPU
		{02379E1C-4B02-4C68-9992-71DB2DC30D20}.Release|Any CPU.ActiveCfg = Release|Any CPU
		{02379E1C-4B02-4C68-9992-71DB2DC30D20}.Release|Any CPU.Build.0 = Release|Any CPU
	EndGlobalSection
	GlobalSection(SolutionProperties) = preSolution
		HideSolutionNode = FALSE
	EndGlobalSection
	GlobalSection(ExtensibilityGlobals) = postSolution
		SolutionGuid = {D2577247-3F0C-48EC-949B-2371200D8740}
	EndGlobalSection
EndGlobal
